Microsoft Visual Studio Solution File, Format Version 11.00
# Visual Studio 2008

Project("{B676B5C4-3FE8-A378-DE24-F13914520738}") = "IcyTowerClone", "Assembly-CSharp-firstpass.csproj", "{2D35BB86-80E1-6796-CF46-3C546456FA17}"
EndProject
Project("{B676B5C4-3FE8-A378-DE24-F13914520738}") = "IcyTowerClone", "Assembly-CSharp.csproj", "{79E88D8D-3EE2-E3DC-F883-1C3098F27EFD}"
EndProject
Project("{B676B5C4-3FE8-A378-DE24-F13914520738}") = "IcyTowerClone", "Assembly-UnityScript-firstpass.unityproj", "{A25097A9-3AA9-A671-5AD0-8188F5E866E2}"
EndProject
Project("{B676B5C4-3FE8-A378-DE24-F13914520738}") = "IcyTowerClone", "Assembly-UnityScript.unityproj", "{0B80AF5A-A154-29C9-D185-B99168CE223F}"
EndProject
Global
	GlobalSection(SolutionConfigurationPlatforms) = preSolution
		Debug|Any CPU = Debug|Any CPU
		Release|Any CPU = Release|Any CPU
	EndGlobalSection
	GlobalSection(ProjectConfigurationPlatforms) = postSolution
		{2D35BB86-80E1-6796-CF46-3C546456FA17}.Debug|Any CPU.ActiveCfg = Debug|Any CPU
		{2D35BB86-80E1-6796-CF46-3C546456FA17}.Debug|Any CPU.Build.0 = Debug|Any CPU
		{2D35BB86-80E1-6796-CF46-3C546456FA17}.Release|Any CPU.ActiveCfg = Release|Any CPU
		{2D35BB86-80E1-6796-CF46-3C546456FA17}.Release|Any CPU.Build.0 = Release|Any CPU
		{79E88D8D-3EE2-E3DC-F883-1C3098F27EFD}.Debug|Any CPU.ActiveCfg = Debug|Any CPU
		{79E88D8D-3EE2-E3DC-F883-1C3098F27EFD}.Debug|Any CPU.Build.0 = Debug|Any CPU
		{79E88D8D-3EE2-E3DC-F883-1C3098F27EFD}.Release|Any CPU.ActiveCfg = Release|Any CPU
		{79E88D8D-3EE2-E3DC-F883-1C3098F27EFD}.Release|Any CPU.Build.0 = Release|Any CPU
		{A25097A9-3AA9-A671-5AD0-8188F5E866E2}.Debug|Any CPU.ActiveCfg = Debug|Any CPU
		{A25097A9-3AA9-A671-5AD0-8188F5E866E2}.Debug|Any CPU.Build.0 = Debug|Any CPU
		{A25097A9-3AA9-A671-5AD0-8188F5E866E2}.Release|Any CPU.ActiveCfg = Release|Any CPU
		{A25097A9-3AA9-A671-5AD0-8188F5E866E2}.Release|Any CPU.Build.0 = Release|Any CPU
		{0B80AF5A-A154-29C9-D185-B99168CE223F}.Debug|Any CPU.ActiveCfg = Debug|Any CPU
		{0B80AF5A-A154-29C9-D185-B99168CE223F}.Debug|Any CPU.Build.0 = Debug|Any CPU
		{0B80AF5A-A154-29C9-D185-B99168CE223F}.Release|Any CPU.ActiveCfg = Release|Any CPU
		{0B80AF5A-A154-29C9-D185-B99168CE223F}.Release|Any CPU.Build.0 = Release|Any CPU
	EndGlobalSection
	GlobalSection(SolutionProperties) = preSolution
		HideSolutionNode = FALSE
	EndGlobalSection
					GlobalSection(MonoDevelopProperties) = preSolution
		StartupItem = Assembly-CSharp.csproj
		Policies = $0
		$0.TextStylePolicy = $1
		$1.inheritsSet = null
		$1.scope = text/x-csharp
		$0.CSharpFormattingPolicy = $2
		$2.inheritsSet = Mono
		$2.inheritsScope = text/x-csharp
		$2.scope = text/x-csharp
		$0.TextStylePolicy = $3
		$3.FileWidth = 120
		$3.TabWidth = 4
		$3.EolMarker = Unix
		$3.inheritsSet = Mono
		$3.inheritsScope = text/plain
		$3.scope = text/plain
	EndGlobalSection

EndGlobal
